
Microsoft Visual Studio Solution File, Format Version 12.00
# Visual Studio 15
VisualStudioVersion = 15.0.28307.1000
MinimumVisualStudioVersion = 10.0.40219.1
Project("{FAE04EC0-301F-11D3-BF4B-00C04F79EFBC}") = "TrabalhoDeCsharp", "TrabalhoDeCsharp\TrabalhoDeCsharp.csproj", "{5E7EC64B-EA76-4F4A-9F09-901F3D400997}"
EndProject
Project("{FAE04EC0-301F-11D3-BF4B-00C04F79EFBC}") = "Editar", "Editar\Editar.csproj", "{CBC5EB52-F94A-472A-B94F-0851C8CD4027}"
EndProject
Project("{FAE04EC0-301F-11D3-BF4B-00C04F79EFBC}") = "Fichario", "Fichario\Fichario.csproj", "{7A1B6C7C-0D4A-4625-BB1E-49089EE84F50}"
EndProject
Global
	GlobalSection(SolutionConfigurationPlatforms) = preSolution
		Debug|Any CPU = Debug|Any CPU
		Release|Any CPU = Release|Any CPU
	EndGlobalSection
	GlobalSection(ProjectConfigurationPlatforms) = postSolution
		{5E7EC64B-EA76-4F4A-9F09-901F3D400997}.Debug|Any CPU.ActiveCfg = Debug|Any CPU
		{5E7EC64B-EA76-4F4A-9F09-901F3D400997}.Debug|Any CPU.Build.0 = Debug|Any CPU
		{5E7EC64B-EA76-4F4A-9F09-901F3D400997}.Release|Any CPU.ActiveCfg = Release|Any CPU
		{5E7EC64B-EA76-4F4A-9F09-901F3D400997}.Release|Any CPU.Build.0 = Release|Any CPU
		{CBC5EB52-F94A-472A-B94F-0851C8CD4027}.Debug|Any CPU.ActiveCfg = Debug|Any CPU
		{CBC5EB52-F94A-472A-B94F-0851C8CD4027}.Debug|Any CPU.Build.0 = Debug|Any CPU
		{CBC5EB52-F94A-472A-B94F-0851C8CD4027}.Release|Any CPU.ActiveCfg = Release|Any CPU
		{CBC5EB52-F94A-472A-B94F-0851C8CD4027}.Release|Any CPU.Build.0 = Release|Any CPU
		{7A1B6C7C-0D4A-4625-BB1E-49089EE84F50}.Debug|Any CPU.ActiveCfg = Debug|Any CPU
		{7A1B6C7C-0D4A-4625-BB1E-49089EE84F50}.Debug|Any CPU.Build.0 = Debug|Any CPU
		{7A1B6C7C-0D4A-4625-BB1E-49089EE84F50}.Release|Any CPU.ActiveCfg = Release|Any CPU
		{7A1B6C7C-0D4A-4625-BB1E-49089EE84F50}.Release|Any CPU.Build.0 = Release|Any CPU
	EndGlobalSection
	GlobalSection(SolutionProperties) = preSolution
		HideSolutionNode = FALSE
	EndGlobalSection
	GlobalSection(ExtensibilityGlobals) = postSolution
		SolutionGuid = {83A91DB6-1E34-404D-ABE4-BEA37BEE352F}
	EndGlobalSection
EndGlobal
